
Microsoft Visual Studio Solution File, Format Version 12.00
# Visual Studio Version 17
VisualStudioVersion = 17.4.33213.308
MinimumVisualStudioVersion = 10.0.40219.1
Project("{9A19103F-16F7-4668-BE54-9A1E7A4F7556}") = "Customer_Information.WebAPI", "Customer_Information.WebAPI\Customer_Information.WebAPI.csproj", "{1D122FE7-AADD-4538-996D-AE87EB0B158E}"
EndProject
Project("{9A19103F-16F7-4668-BE54-9A1E7A4F7556}") = "Customer_Information.View", "Customer_Information.View\Customer_Information.View.csproj", "{E56FD66E-F6B8-4B6C-BF02-1FE2866E63AD}"
EndProject
Project("{9A19103F-16F7-4668-BE54-9A1E7A4F7556}") = "Utility", "Utility\Utility.csproj", "{007C4B2B-03BA-46A3-A027-7F68D3B76AD5}"
EndProject
Project("{FAE04EC0-301F-11D3-BF4B-00C04F79EFBC}") = "Customer_Information.Tests", "Customer_Information.Tests\Customer_Information.Tests.csproj", "{45B9ED2F-E222-4C00-A6BE-F84C5B7F0551}"
EndProject
Global
	GlobalSection(SolutionConfigurationPlatforms) = preSolution
		Debug|Any CPU = Debug|Any CPU
		Release|Any CPU = Release|Any CPU
	EndGlobalSection
	GlobalSection(ProjectConfigurationPlatforms) = postSolution
		{1D122FE7-AADD-4538-996D-AE87EB0B158E}.Debug|Any CPU.ActiveCfg = Debug|Any CPU
		{1D122FE7-AADD-4538-996D-AE87EB0B158E}.Debug|Any CPU.Build.0 = Debug|Any CPU
		{1D122FE7-AADD-4538-996D-AE87EB0B158E}.Release|Any CPU.ActiveCfg = Release|Any CPU
		{1D122FE7-AADD-4538-996D-AE87EB0B158E}.Release|Any CPU.Build.0 = Release|Any CPU
		{E56FD66E-F6B8-4B6C-BF02-1FE2866E63AD}.Debug|Any CPU.ActiveCfg = Debug|Any CPU
		{E56FD66E-F6B8-4B6C-BF02-1FE2866E63AD}.Debug|Any CPU.Build.0 = Debug|Any CPU
		{E56FD66E-F6B8-4B6C-BF02-1FE2866E63AD}.Release|Any CPU.ActiveCfg = Release|Any CPU
		{E56FD66E-F6B8-4B6C-BF02-1FE2866E63AD}.Release|Any CPU.Build.0 = Release|Any CPU
		{007C4B2B-03BA-46A3-A027-7F68D3B76AD5}.Debug|Any CPU.ActiveCfg = Debug|Any CPU
		{007C4B2B-03BA-46A3-A027-7F68D3B76AD5}.Debug|Any CPU.Build.0 = Debug|Any CPU
		{007C4B2B-03BA-46A3-A027-7F68D3B76AD5}.Release|Any CPU.ActiveCfg = Release|Any CPU
		{007C4B2B-03BA-46A3-A027-7F68D3B76AD5}.Release|Any CPU.Build.0 = Release|Any CPU
		{45B9ED2F-E222-4C00-A6BE-F84C5B7F0551}.Debug|Any CPU.ActiveCfg = Debug|Any CPU
		{45B9ED2F-E222-4C00-A6BE-F84C5B7F0551}.Debug|Any CPU.Build.0 = Debug|Any CPU
		{45B9ED2F-E222-4C00-A6BE-F84C5B7F0551}.Release|Any CPU.ActiveCfg = Release|Any CPU
		{45B9ED2F-E222-4C00-A6BE-F84C5B7F0551}.Release|Any CPU.Build.0 = Release|Any CPU
	EndGlobalSection
	GlobalSection(SolutionProperties) = preSolution
		HideSolutionNode = FALSE
	EndGlobalSection
	GlobalSection(ExtensibilityGlobals) = postSolution
		SolutionGuid = {ADBDF4CA-E7D1-4E97-944D-CF50AF0507DE}
	EndGlobalSection
EndGlobal
